
Microsoft Visual Studio Solution File, Format Version 12.00
# Visual Studio Version 17
VisualStudioVersion = 17.13.35913.81 d17.13
MinimumVisualStudioVersion = 10.0.40219.1
Project("{FAE04EC0-301F-11D3-BF4B-00C04F79EFBC}") = "LuckyWheelServer", "LuckyWheelServer\LuckyWheelServer.csproj", "{EC9DA494-5FAB-4A16-B34C-970F9D4705F2}"
EndProject
Project("{FAE04EC0-301F-11D3-BF4B-00C04F79EFBC}") = "LuckyWheelClient", "LuckyWheelClient\LuckyWheelClient.csproj", "{BF991774-5B1E-4C3A-9C7E-C90FD4228CAE}"
EndProject
Global
	GlobalSection(SolutionConfigurationPlatforms) = preSolution
		Debug|Any CPU = Debug|Any CPU
		Release|Any CPU = Release|Any CPU
	EndGlobalSection
	GlobalSection(ProjectConfigurationPlatforms) = postSolution
		{EC9DA494-5FAB-4A16-B34C-970F9D4705F2}.Debug|Any CPU.ActiveCfg = Debug|Any CPU
		{EC9DA494-5FAB-4A16-B34C-970F9D4705F2}.Debug|Any CPU.Build.0 = Debug|Any CPU
		{EC9DA494-5FAB-4A16-B34C-970F9D4705F2}.Release|Any CPU.ActiveCfg = Release|Any CPU
		{EC9DA494-5FAB-4A16-B34C-970F9D4705F2}.Release|Any CPU.Build.0 = Release|Any CPU
		{BF991774-5B1E-4C3A-9C7E-C90FD4228CAE}.Debug|Any CPU.ActiveCfg = Debug|Any CPU
		{BF991774-5B1E-4C3A-9C7E-C90FD4228CAE}.Debug|Any CPU.Build.0 = Debug|Any CPU
		{BF991774-5B1E-4C3A-9C7E-C90FD4228CAE}.Release|Any CPU.ActiveCfg = Release|Any CPU
		{BF991774-5B1E-4C3A-9C7E-C90FD4228CAE}.Release|Any CPU.Build.0 = Release|Any CPU
	EndGlobalSection
	GlobalSection(SolutionProperties) = preSolution
		HideSolutionNode = FALSE
	EndGlobalSection
	GlobalSection(ExtensibilityGlobals) = postSolution
		SolutionGuid = {F410C633-E766-4CC9-8B5D-41256633B000}
	EndGlobalSection
EndGlobal
